// !$*UTF8*$!
{
	archiveVersion = 1;
	classes = {
	};
	objectVersion = 50;
	objects = {

/* Begin PBXBuildFile section */
		A37DC9FD268F6B03001BE6BC /* AppDelegate.swift in Sources */ = {isa = PBXBuildFile; fileRef = A37DC9FC268F6B03001BE6BC /* AppDelegate.swift */; };
		A37DC9FF268F6B03001BE6BC /* SceneDelegate.swift in Sources */ = {isa = PBXBuildFile; fileRef = A37DC9FE268F6B03001BE6BC /* SceneDelegate.swift */; };
		A37DCA01268F6B03001BE6BC /* ViewController.swift in Sources */ = {isa = PBXBuildFile; fileRef = A37DCA00268F6B03001BE6BC /* ViewController.swift */; };
		A37DCA04268F6B03001BE6BC /* Main.storyboard in Resources */ = {isa = PBXBuildFile; fileRef = A37DCA02268F6B03001BE6BC /* Main.storyboard */; };
		A37DCA07268F6B03001BE6BC /* ContactBookWithPassword.xcdatamodeld in Sources */ = {isa = PBXBuildFile; fileRef = A37DCA05268F6B03001BE6BC /* ContactBookWithPassword.xcdatamodeld */; };
		A37DCA09268F6B07001BE6BC /* Assets.xcassets in Resources */ = {isa = PBXBuildFile; fileRef = A37DCA08268F6B07001BE6BC /* Assets.xcassets */; };
		A37DCA0C268F6B07001BE6BC /* LaunchScreen.storyboard in Resources */ = {isa = PBXBuildFile; fileRef = A37DCA0A268F6B07001BE6BC /* LaunchScreen.storyboard */; };
/* End PBXBuildFile section */

/* Begin PBXFileReference section */
		A37DC9F9268F6B03001BE6BC /* ContactBookWithPassword.app */ = {isa = PBXFileReference; explicitFileType = wrapper.application; includeInIndex = 0; path = ContactBookWithPassword.app; sourceTree = BUILT_PRODUCTS_DIR; };
		A37DC9FC268F6B03001BE6BC /* AppDelegate.swift */ = {isa = PBXFileReference; lastKnownFileType = sourcecode.swift; path = AppDelegate.swift; sourceTree = "<group>"; };
		A37DC9FE268F6B03001BE6BC /* SceneDelegate.swift */ = {isa = PBXFileReference; lastKnownFileType = sourcecode.swift; path = SceneDelegate.swift; sourceTree = "<group>"; };
		A37DCA00268F6B03001BE6BC /* ViewController.swift */ = {isa = PBXFileReference; lastKnownFileType = sourcecode.swift; path = ViewController.swift; sourceTree = "<group>"; };
		A37DCA03268F6B03001BE6BC /* Base */ = {isa = PBXFileReference; lastKnownFileType = file.storyboard; name = Base; path = Base.lproj/Main.storyboard; sourceTree = "<group>"; };
		A37DCA06268F6B03001BE6BC /* ContactBookWithPassword.xcdatamodel */ = {isa = PBXFileReference; lastKnownFileType = wrapper.xcdatamodel; path = ContactBookWithPassword.xcdatamodel; sourceTree = "<group>"; };
		A37DCA08268F6B07001BE6BC /* Assets.xcassets */ = {isa = PBXFileReference; lastKnownFileType = folder.assetcatalog; path = Assets.xcassets; sourceTree = "<group>"; };
		A37DCA0B268F6B07001BE6BC /* Base */ = {isa = PBXFileReference; lastKnownFileType = file.storyboard; name = Base; path = Base.lproj/LaunchScreen.storyboard; sourceTree = "<group>"; };
		A37DCA0D268F6B07001BE6BC /* Info.plist */ = {isa = PBXFileReference; lastKnownFileType = text.plist.xml; path = Info.plist; sourceTree = "<group>"; };
/* End PBXFileReference section */

/* Begin PBXFrameworksBuildPhase section */
		A37DC9F6268F6B03001BE6BC /* Frameworks */ = {
			isa = PBXFrameworksBuildPhase;
			buildActionMask = 2147483647;
			files = (
			);
			runOnlyForDeploymentPostprocessing = 0;
		};
/* End PBXFrameworksBuildPhase section */

/* Begin PBXGroup section */
		A37DC9F0268F6B03001BE6BC = {
			isa = PBXGroup;
			children = (
				A37DC9FB268F6B03001BE6BC /* ContactBookWithPassword */,
				A37DC9FA268F6B03001BE6BC /* Products */,
			);
			sourceTree = "<group>";
		};
		A37DC9FA268F6B03001BE6BC /* Products */ = {
			isa = PBXGroup;
			children = (
				A37DC9F9268F6B03001BE6BC /* ContactBookWithPassword.app */,
			);
			name = Products;
			sourceTree = "<group>";
		};
		A37DC9FB268F6B03001BE6BC /* ContactBookWithPassword */ = {
			isa = PBXGroup;
			children = (
				A37DC9FC268F6B03001BE6BC /* AppDelegate.swift */,
				A37DC9FE268F6B03001BE6BC /* SceneDelegate.swift */,
				A37DCA00268F6B03001BE6BC /* ViewController.swift */,
				A37DCA02268F6B03001BE6BC /* Main.storyboard */,
				A37DCA08268F6B07001BE6BC /* Assets.xcassets */,
				A37DCA0A268F6B07001BE6BC /* LaunchScreen.storyboard */,
				A37DCA0D268F6B07001BE6BC /* Info.plist */,
				A37DCA05268F6B03001BE6BC /* ContactBookWithPassword.xcdatamodeld */,
			);
			path = ContactBookWithPassword;
			sourceTree = "<group>";
		};
/* End PBXGroup section */

/* Begin PBXNativeTarget section */
		A37DC9F8268F6B03001BE6BC /* ContactBookWithPassword */ = {
			isa = PBXNativeTarget;
			buildConfigurationList = A37DCA10268F6B07001BE6BC /* Build configuration list for PBXNativeTarget "ContactBookWithPassword" */;
			buildPhases = (
				A37DC9F5268F6B03001BE6BC /* Sources */,
				A37DC9F6268F6B03001BE6BC /* Frameworks */,
				A37DC9F7268F6B03001BE6BC /* Resources */,
			);
			buildRules = (
			);
			dependencies = (
			);
			name = ContactBookWithPassword;
			productName = ContactBookWithPassword;
			productReference = A37DC9F9268F6B03001BE6BC /* ContactBookWithPassword.app */;
			productType = "com.apple.product-type.application";
		};
/* End PBXNativeTarget section */

/* Begin PBXProject section */
		A37DC9F1268F6B03001BE6BC /* Project object */ = {
			isa = PBXProject;
			attributes = {
				LastSwiftUpdateCheck = 1250;
				LastUpgradeCheck = 1250;
				TargetAttributes = {
					A37DC9F8268F6B03001BE6BC = {
						CreatedOnToolsVersion = 12.5.1;
					};
				};
			};
			buildConfigurationList = A37DC9F4268F6B03001BE6BC /* Build configuration list for PBXProject "ContactBookWithPassword" */;
			compatibilityVersion = "Xcode 9.3";
			developmentRegion = en;
			hasScannedForEncodings = 0;
			knownRegions = (
				en,
				Base,
			);
			mainGroup = A37DC9F0268F6B03001BE6BC;
			productRefGroup = A37DC9FA268F6B03001BE6BC /* Products */;
			projectDirPath = "";
			projectRoot = "";
			targets = (
				A37DC9F8268F6B03001BE6BC /* ContactBookWithPassword */,
			);
		};
/* End PBXProject section */

/* Begin PBXResourcesBuildPhase section */
		A37DC9F7268F6B03001BE6BC /* Resources */ = {
			isa = PBXResourcesBuildPhase;
			buildActionMask = 2147483647;
			files = (
				A37DCA0C268F6B07001BE6BC /* LaunchScreen.storyboard in Resources */,
				A37DCA09268F6B07001BE6BC /* Assets.xcassets in Resources */,
				A37DCA04268F6B03001BE6BC /* Main.storyboard in Resources */,
			);
			runOnlyForDeploymentPostprocessing = 0;
		};
/* End PBXResourcesBuildPhase section */

/* Begin PBXSourcesBuildPhase section */
		A37DC9F5268F6B03001BE6BC /* Sources */ = {
			isa = PBXSourcesBuildPhase;
			buildActionMask = 2147483647;
			files = (
				A37DCA01268F6B03001BE6BC /* ViewController.swift in Sources */,
				A37DC9FD268F6B03001BE6BC /* AppDelegate.swift in Sources */,
				A37DCA07268F6B03001BE6BC /* ContactBookWithPassword.xcdatamodeld in Sources */,
				A37DC9FF268F6B03001BE6BC /* SceneDelegate.swift in Sources */,
			);
			runOnlyForDeploymentPostprocessing = 0;
		};
/* End PBXSourcesBuildPhase section */

/* Begin PBXVariantGroup section */
		A37DCA02268F6B03001BE6BC /* Main.storyboard */ = {
			isa = PBXVariantGroup;
			children = (
				A37DCA03268F6B03001BE6BC /* Base */,
			);
			name = Main.storyboard;
			sourceTree = "<group>";
		};
		A37DCA0A268F6B07001BE6BC /* LaunchScreen.storyboard */ = {
			isa = PBXVariantGroup;
			children = (
				A37DCA0B268F6B07001BE6BC /* Base */,
			);
			name = LaunchScreen.storyboard;
			sourceTree = "<group>";
		};
/* End PBXVariantGroup section */

/* Begin XCBuildConfiguration section */
		A37DCA0E268F6B07001BE6BC /* Debug */ = {
			isa = XCBuildConfiguration;
			buildSettings = {
				ALWAYS_SEARCH_USER_PATHS = NO;
				CLANG_ANALYZER_NONNULL = YES;
				CLANG_ANALYZER_NUMBER_OBJECT_CONVERSION = YES_AGGRESSIVE;
				CLANG_CXX_LANGUAGE_STANDARD = "gnu++14";
				CLANG_CXX_LIBRARY = "libc++";
				CLANG_ENABLE_MODULES = YES;
				CLANG_ENABLE_OBJC_ARC = YES;
				CLANG_ENABLE_OBJC_WEAK = YES;
				CLANG_WARN_BLOCK_CAPTURE_AUTORELEASING = YES;
				CLANG_WARN_BOOL_CONVERSION = YES;
				CLANG_WARN_COMMA = YES;
				CLANG_WARN_CONSTANT_CONVERSION = YES;
				CLANG_WARN_DEPRECATED_OBJC_IMPLEMENTATIONS = YES;
				CLANG_WARN_DIRECT_OBJC_ISA_USAGE = YES_ERROR;
				CLANG_WARN_DOCUMENTATION_COMMENTS = YES;
				CLANG_WARN_EMPTY_BODY = YES;
				CLANG_WARN_ENUM_CONVERSION = YES;
				CLANG_WARN_INFINITE_RECURSION = YES;
				CLANG_WARN_INT_CONVERSION = YES;
				CLANG_WARN_NON_LITERAL_NULL_CONVERSION = YES;
				CLANG_WARN_OBJC_IMPLICIT_RETAIN_SELF = YES;
				CLANG_WARN_OBJC_LITERAL_CONVERSION = YES;
				CLANG_WARN_OBJC_ROOT_CLASS = YES_ERROR;
				CLANG_WARN_QUOTED_INCLUDE_IN_FRAMEWORK_HEADER = YES;
				CLANG_WARN_RANGE_LOOP_ANALYSIS = YES;
				CLANG_WARN_STRICT_PROTOTYPES = YES;
				CLANG_WARN_SUSPICIOUS_MOVE = YES;
				CLANG_WARN_UNGUARDED_AVAILABILITY = YES_AGGRESSIVE;
				CLANG_WARN_UNREACHABLE_CODE = YES;
				CLANG_WARN__DUPLICATE_METHOD_MATCH = YES;
				COPY_PHASE_STRIP = NO;
				DEBUG_INFORMATION_FORMAT = dwarf;
				ENABLE_STRICT_OBJC_MSGSEND = YES;
				ENABLE_TESTABILITY = YES;
				GCC_C_LANGUAGE_STANDARD = gnu11;
				GCC_DYNAMIC_NO_PIC = NO;
				GCC_NO_COMMON_BLOCKS = YES;
				GCC_OPTIMIZATION_LEVEL = 0;
				GCC_PREPROCESSOR_DEFINITIONS = (
					"DEBUG=1",
					"$(inherited)",
				);
				GCC_WARN_64_TO_32_BIT_CONVERSION = YES;
				GCC_WARN_ABOUT_RETURN_TYPE = YES_ERROR;
				GCC_WARN_UNDECLARED_SELECTOR = YES;
				GCC_WARN_UNINITIALIZED_AUTOS = YES_AGGRESSIVE;
				GCC_WARN_UNUSED_FUNCTION = YES;
				GCC_WARN_UNUSED_VARIABLE = YES;
				IPHONEOS_DEPLOYMENT_TARGET = 14.5;
				MTL_ENABLE_DEBUG_INFO = INCLUDE_SOURCE;
				MTL_FAST_MATH = YES;
				ONLY_ACTIVE_ARCH = YES;
				SDKROOT = iphoneos;
				SWIFT_ACTIVE_COMPILATION_CONDITIONS = DEBUG;
				SWIFT_OPTIMIZATION_LEVEL = "-Onone";
			};
			name = Debug;
		};
		A37DCA0F268F6B07001BE6BC /* Release */ = {
			isa = XCBuildConfiguration;
			buildSettings = {
				ALWAYS_SEARCH_USER_PATHS = NO;
				CLANG_ANALYZER_NONNULL = YES;
				CLANG_ANALYZER_NUMBER_OBJECT_CONVERSION = YES_AGGRESSIVE;
				CLANG_CXX_LANGUAGE_STANDARD = "gnu++14";
				CLANG_CXX_LIBRARY = "libc++";
				CLANG_ENABLE_MODULES = YES;
				CLANG_ENABLE_OBJC_ARC = YES;
				CLANG_ENABLE_OBJC_WEAK = YES;
				CLANG_WARN_BLOCK_CAPTURE_AUTORELEASING = YES;
				CLANG_WARN_BOOL_CONVERSION = YES;
				CLANG_WARN_COMMA = YES;
				CLANG_WARN_CONSTANT_CONVERSION = YES;
				CLANG_WARN_DEPRECATED_OBJC_IMPLEMENTATIONS = YES;
				CLANG_WARN_DIRECT_OBJC_ISA_USAGE = YES_ERROR;
				CLANG_WARN_DOCUMENTATION_COMMENTS = YES;
				CLANG_WARN_EMPTY_BODY = YES;
				CLANG_WARN_ENUM_CONVERSION = YES;
				CLANG_WARN_INFINITE_RECURSION = YES;
				CLANG_WARN_INT_CONVERSION = YES;
				CLANG_WARN_NON_LITERAL_NULL_CONVERSION = YES;
				CLANG_WARN_OBJC_IMPLICIT_RETAIN_SELF = YES;
				CLANG_WARN_OBJC_LITERAL_CONVERSION = YES;
				CLANG_WARN_OBJC_ROOT_CLASS = YES_ERROR;
				CLANG_WARN_QUOTED_INCLUDE_IN_FRAMEWORK_HEADER = YES;
				CLANG_WARN_RANGE_LOOP_ANALYSIS = YES;
				CLANG_WARN_STRICT_PROTOTYPES = YES;
				CLANG_WARN_SUSPICIOUS_MOVE = YES;
				CLANG_WARN_UNGUARDED_AVAILABILITY = YES_AGGRESSIVE;
				CLANG_WARN_UNREACHABLE_CODE = YES;
				CLANG_WARN__DUPLICATE_METHOD_MATCH = YES;
				COPY_PHASE_STRIP = NO;
				DEBUG_INFORMATION_FORMAT = "dwarf-with-dsym";
				ENABLE_NS_ASSERTIONS = NO;
				ENABLE_STRICT_OBJC_MSGSEND = YES;
				GCC_C_LANGUAGE_STANDARD = gnu11;
				GCC_NO_COMMON_BLOCKS = YES;
				GCC_WARN_64_TO_32_BIT_CONVERSION = YES;
				GCC_WARN_ABOUT_RETURN_TYPE = YES_ERROR;
				GCC_WARN_UNDECLARED_SELECTOR = YES;
				GCC_WARN_UNINITIALIZED_AUTOS = YES_AGGRESSIVE;
				GCC_WARN_UNUSED_FUNCTION = YES;
				GCC_WARN_UNUSED_VARIABLE = YES;
				IPHONEOS_DEPLOYMENT_TARGET = 14.5;
				MTL_ENABLE_DEBUG_INFO = NO;
				MTL_FAST_MATH = YES;
				SDKROOT = iphoneos;
				SWIFT_COMPILATION_MODE = wholemodule;
				SWIFT_OPTIMIZATION_LEVEL = "-O";
				VALIDATE_PRODUCT = YES;
			};
			name = Release;
		};
		A37DCA11268F6B07001BE6BC /* Debug */ = {
			isa = XCBuildConfiguration;
			buildSettings = {
				ASSETCATALOG_COMPILER_APPICON_NAME = AppIcon;
				ASSETCATALOG_COMPILER_GLOBAL_ACCENT_COLOR_NAME = AccentColor;
				CODE_SIGN_STYLE = Automatic;
				INFOPLIST_FILE = ContactBookWithPassword/Info.plist;
				LD_RUNPATH_SEARCH_PATHS = (
					"$(inherited)",
					"@executable_path/Frameworks",
				);
				PRODUCT_BUNDLE_IDENTIFIER = itis.ContactBookWithPassword;
				PRODUCT_NAME = "$(TARGET_NAME)";
				SWIFT_VERSION = 5.0;
				TARGETED_DEVICE_FAMILY = "1,2";
			};
			name = Debug;
		};
		A37DCA12268F6B07001BE6BC /* Release */ = {
			isa = XCBuildConfiguration;
			buildSettings = {
				ASSETCATALOG_COMPILER_APPICON_NAME = AppIcon;
				ASSETCATALOG_COMPILER_GLOBAL_ACCENT_COLOR_NAME = AccentColor;
				CODE_SIGN_STYLE = Automatic;
				INFOPLIST_FILE = ContactBookWithPassword/Info.plist;
				LD_RUNPATH_SEARCH_PATHS = (
					"$(inherited)",
					"@executable_path/Frameworks",
				);
				PRODUCT_BUNDLE_IDENTIFIER = itis.ContactBookWithPassword;
				PRODUCT_NAME = "$(TARGET_NAME)";
				SWIFT_VERSION = 5.0;
				TARGETED_DEVICE_FAMILY = "1,2";
			};
			name = Release;
		};
/* End XCBuildConfiguration section */

/* Begin XCConfigurationList section */
		A37DC9F4268F6B03001BE6BC /* Build configuration list for PBXProject "ContactBookWithPassword" */ = {
			isa = XCConfigurationList;
			buildConfigurations = (
				A37DCA0E268F6B07001BE6BC /* Debug */,
				A37DCA0F268F6B07001BE6BC /* Release */,
			);
			defaultConfigurationIsVisible = 0;
			defaultConfigurationName = Release;
		};
		A37DCA10268F6B07001BE6BC /* Build configuration list for PBXNativeTarget "ContactBookWithPassword" */ = {
			isa = XCConfigurationList;
			buildConfigurations = (
				A37DCA11268F6B07001BE6BC /* Debug */,
				A37DCA12268F6B07001BE6BC /* Release */,
			);
			defaultConfigurationIsVisible = 0;
			defaultConfigurationName = Release;
		};
/* End XCConfigurationList section */

/* Begin XCVersionGroup section */
		A37DCA05268F6B03001BE6BC /* ContactBookWithPassword.xcdatamodeld */ = {
			isa = XCVersionGroup;
			children = (
				A37DCA06268F6B03001BE6BC /* ContactBookWithPassword.xcdatamodel */,
			);
			currentVersion = A37DCA06268F6B03001BE6BC /* ContactBookWithPassword.xcdatamodel */;
			path = ContactBookWithPassword.xcdatamodeld;
			sourceTree = "<group>";
			versionGroupType = wrapper.xcdatamodel;
		};
/* End XCVersionGroup section */
	};
	rootObject = A37DC9F1268F6B03001BE6BC /* Project object */;
}
